
Microsoft Visual Studio Solution File, Format Version 12.00
# Visual Studio Version 17
VisualStudioVersion = 17.7.34221.43
MinimumVisualStudioVersion = 10.0.40219.1
Project("{9A19103F-16F7-4668-BE54-9A1E7A4F7556}") = "SIMS", "Simple-Inventory-Management-System\SIMS.csproj", "{C417A6ED-FAC6-483B-977A-E2230824256B}"
EndProject
Global
	GlobalSection(SolutionConfigurationPlatforms) = preSolution
		Debug|Any CPU = Debug|Any CPU
		Release|Any CPU = Release|Any CPU
	EndGlobalSection
	GlobalSection(ProjectConfigurationPlatforms) = postSolution
		{C417A6ED-FAC6-483B-977A-E2230824256B}.Debug|Any CPU.ActiveCfg = Debug|Any CPU
		{C417A6ED-FAC6-483B-977A-E2230824256B}.Debug|Any CPU.Build.0 = Debug|Any CPU
		{C417A6ED-FAC6-483B-977A-E2230824256B}.Release|Any CPU.ActiveCfg = Release|Any CPU
		{C417A6ED-FAC6-483B-977A-E2230824256B}.Release|Any CPU.Build.0 = Release|Any CPU
	EndGlobalSection
	GlobalSection(SolutionProperties) = preSolution
		HideSolutionNode = FALSE
	EndGlobalSection
	GlobalSection(ExtensibilityGlobals) = postSolution
		SolutionGuid = {E6984383-05D1-4BBF-9E47-89F66A80DACD}
	EndGlobalSection
EndGlobal
