
Microsoft Visual Studio Solution File, Format Version 12.00
# Visual Studio Version 17
VisualStudioVersion = 17.7.34221.43
MinimumVisualStudioVersion = 10.0.40219.1
Project("{9A19103F-16F7-4668-BE54-9A1E7A4F7556}") = "SimpleInventoryManagementSystem", "Simple-Inventory-Management-System\SimpleInventoryManagementSystem.csproj", "{C417A6ED-FAC6-483B-977A-E2230824256B}"
EndProject
Project("{FAE04EC0-301F-11D3-BF4B-00C04F79EFBC}") = "SIMS.Test", "SIMS.Test\SIMS.Test.csproj", "{37B69AEE-462E-4200-91BC-6E0DE10C9580}"
EndProject
Global
	GlobalSection(SolutionConfigurationPlatforms) = preSolution
		Debug|Any CPU = Debug|Any CPU
		Release|Any CPU = Release|Any CPU
	EndGlobalSection
	GlobalSection(ProjectConfigurationPlatforms) = postSolution
		{C417A6ED-FAC6-483B-977A-E2230824256B}.Debug|Any CPU.ActiveCfg = Debug|Any CPU
		{C417A6ED-FAC6-483B-977A-E2230824256B}.Debug|Any CPU.Build.0 = Debug|Any CPU
		{C417A6ED-FAC6-483B-977A-E2230824256B}.Release|Any CPU.ActiveCfg = Release|Any CPU
		{C417A6ED-FAC6-483B-977A-E2230824256B}.Release|Any CPU.Build.0 = Release|Any CPU
		{37B69AEE-462E-4200-91BC-6E0DE10C9580}.Debug|Any CPU.ActiveCfg = Debug|Any CPU
		{37B69AEE-462E-4200-91BC-6E0DE10C9580}.Debug|Any CPU.Build.0 = Debug|Any CPU
		{37B69AEE-462E-4200-91BC-6E0DE10C9580}.Release|Any CPU.ActiveCfg = Release|Any CPU
		{37B69AEE-462E-4200-91BC-6E0DE10C9580}.Release|Any CPU.Build.0 = Release|Any CPU
	EndGlobalSection
	GlobalSection(SolutionProperties) = preSolution
		HideSolutionNode = FALSE
	EndGlobalSection
	GlobalSection(ExtensibilityGlobals) = postSolution
		SolutionGuid = {E6984383-05D1-4BBF-9E47-89F66A80DACD}
	EndGlobalSection
EndGlobal
